{
   "modules" : {
      "Data::Dump" : {
         "dist" : "Data-Dump-1.21",
         "mymeta" : {
            "abstract" : "Pretty printing of data structures",
            "author" : [
               "Gisle Aas <gisle@activestate.com>"
            ],
            "dynamic_config" : 0,
            "generated_by" : "ExtUtils::MakeMaker version 6.57_05, CPAN::Meta::Converter version 2.120921",
            "license" : [
               "perl_5"
            ],
            "meta-spec" : {
               "url" : "http://search.cpan.org/perldoc?CPAN::Meta::Spec",
               "version" : "2"
            },
            "name" : "Data-Dump",
            "no_index" : {
               "directory" : [
                  "t",
                  "inc"
               ]
            },
            "prereqs" : {
               "build" : {
                  "requires" : {
                     "Test" : "0"
                  }
               },
               "configure" : {
                  "requires" : {
                     "ExtUtils::MakeMaker" : "0"
                  }
               },
               "runtime" : {
                  "recommends" : {
                     "MIME::Base64" : "0"
                  },
                  "requires" : {
                     "Symbol" : "0",
                     "perl" : "5.006"
                  }
               }
            },
            "release_status" : "stable",
            "resources" : {
               "repository" : {
                  "url" : "http://github.com/gisle/data-dump"
               }
            },
            "version" : "1.21"
         },
         "name" : "Data::Dump",
         "pathname" : "G/GA/GAAS/Data-Dump-1.21.tar.gz",
         "provides" : {
            "Data::Dump" : {
               "file" : "Data/Dump.pm",
               "version" : "1.21"
            },
            "Data::Dump::FilterContext" : {
               "file" : "Data/Dump/FilterContext.pm"
            },
            "Data::Dump::Filtered" : {
               "file" : "Data/Dump/Filtered.pm"
            },
            "Data::Dump::Trace" : {
               "file" : "Data/Dump/Trace.pm",
               "version" : "0.02"
            },
            "Data::Dump::Trace::Call" : {
               "file" : "Data/Dump/Trace.pm"
            },
            "Data::Dump::Trace::Wrapper" : {
               "file" : "Data/Dump/Trace.pm"
            }
         },
         "target" : "Data::Dump",
         "version" : "1.21"
      },
      "File::Tail" : {
         "dist" : "File-Tail-0.99.3",
         "mymeta" : {
            "abstract" : "unknown",
            "author" : [
               "unknown"
            ],
            "dynamic_config" : 0,
            "generated_by" : "ExtUtils::MakeMaker version 6.64, CPAN::Meta::Converter version 2.120921",
            "license" : [
               "unknown"
            ],
            "meta-spec" : {
               "url" : "http://search.cpan.org/perldoc?CPAN::Meta::Spec",
               "version" : "2"
            },
            "name" : "File-Tail",
            "no_index" : {
               "directory" : [
                  "t",
                  "inc"
               ]
            },
            "prereqs" : {
               "build" : {
                  "requires" : {
                     "ExtUtils::MakeMaker" : "0"
                  }
               },
               "configure" : {
                  "requires" : {
                     "ExtUtils::MakeMaker" : "0"
                  }
               },
               "runtime" : {
                  "requires" : {
                     "File::stat" : "0",
                     "FileHandle" : "0",
                     "IO::Seekable" : "0",
                     "Time::HiRes" : "1.12"
                  }
               }
            },
            "release_status" : "stable",
            "version" : "v0.99.3"
         },
         "name" : "File::Tail",
         "pathname" : "M/MG/MGRABNAR/File-Tail-0.99.3.tar.gz",
         "provides" : {
            "File::Tail" : {
               "file" : "File/Tail.pm",
               "version" : "v0.99.3"
            }
         },
         "target" : "File::Tail",
         "version" : "v0.99.3"
      },
      "HTTP::Tiny" : {
         "dist" : "HTTP-Tiny-0.028",
         "mymeta" : {
            "abstract" : "A small, simple, correct HTTP/1.1 client",
            "author" : [
               "Christian Hansen <chansen@cpan.org>",
               "David Golden <dagolden@cpan.org>"
            ],
            "dynamic_config" : 0,
            "generated_by" : "Dist::Zilla version 4.300030, CPAN::Meta::Converter version 2.120921",
            "license" : [
               "perl_5"
            ],
            "meta-spec" : {
               "url" : "http://search.cpan.org/perldoc?CPAN::Meta::Spec",
               "version" : "2"
            },
            "name" : "HTTP-Tiny",
            "no_index" : {
               "directory" : [
                  "t",
                  "xt",
                  "examples",
                  "corpus"
               ],
               "package" : [
                  "DB"
               ]
            },
            "prereqs" : {
               "build" : {
                  "requires" : {
                     "Data::Dumper" : "0",
                     "Exporter" : "0",
                     "ExtUtils::MakeMaker" : "0",
                     "File::Basename" : "0",
                     "File::Find" : "0",
                     "File::Spec" : "0",
                     "File::Spec::Functions" : "0",
                     "File::Temp" : "0",
                     "IO::Dir" : "0",
                     "IO::File" : "0",
                     "IO::Socket::INET" : "0",
                     "IPC::Cmd" : "0",
                     "List::Util" : "0",
                     "Test::More" : "0.96",
                     "open" : "0"
                  }
               },
               "configure" : {
                  "requires" : {
                     "ExtUtils::MakeMaker" : "6.30"
                  }
               },
               "develop" : {
                  "requires" : {
                     "Pod::Coverage::TrustPod" : "0",
                     "Test::CPAN::Meta" : "0",
                     "Test::Pod" : "1.41",
                     "Test::Pod::Coverage" : "1.08"
                  }
               },
               "runtime" : {
                  "requires" : {
                     "Carp" : "0",
                     "IO::Socket" : "0",
                     "Time::Local" : "0",
                     "bytes" : "0",
                     "strict" : "0",
                     "warnings" : "0"
                  },
                  "suggests" : {
                     "HTTP::CookieJar" : "0.001",
                     "IO::Socket::SSL" : "1.56",
                     "Mozilla::CA" : "20120823",
                     "Net::SSLeay" : "1.49"
                  }
               },
               "test" : {
                  "requires" : {
                     "Data::Dumper" : "0",
                     "Exporter" : "0",
                     "ExtUtils::MakeMaker" : "0",
                     "File::Basename" : "0",
                     "File::Find" : "0",
                     "File::Spec" : "0",
                     "File::Spec::Functions" : "0",
                     "File::Temp" : "0",
                     "IO::Dir" : "0",
                     "IO::File" : "0",
                     "IO::Socket::INET" : "0",
                     "IPC::Cmd" : "0",
                     "List::Util" : "0",
                     "Test::More" : "0.96",
                     "open" : "0"
                  }
               }
            },
            "provides" : {
               "HTTP::Tiny" : {
                  "file" : "lib/HTTP/Tiny.pm",
                  "version" : "0.028"
               }
            },
            "release_status" : "stable",
            "resources" : {
               "bugtracker" : {
                  "web" : "https://github.com/chansen/p5-http-tiny/issues"
               },
               "homepage" : "https://metacpan.org/release/HTTP-Tiny",
               "repository" : {
                  "type" : "git",
                  "url" : "git://github.com/chansen/p5-http-tiny.git",
                  "web" : "https://github.com/chansen/p5-http-tiny"
               }
            },
            "version" : "0.028",
            "x_contributors" : [
               "Alan Gardner <gardner@pythian.com>",
               "Alessandro Ghedini <al3xbio@gmail.com>",
               "Chris Nehren <apeiron@cpan.org>",
               "Chris Weyl <cweyl@alumni.drew.edu>",
               "Claes Jakobsson <claes@surfar.nu>",
               "Craig Berry <cberry@cpan.org>",
               "David Mitchell <davem@iabyn.com>",
               "Edward Zborowski <ed@rubensteintech.com>",
               "Jess Robinson <castaway@desert-island.me.uk>",
               "Lukas Eklund <leklund@gmail.com>",
               "Mike Doherty <doherty@cpan.org>",
               "Serguei Trouchelle <stro@cpan.org>",
               "Tony Cook <tony@develop-help.com>"
            ]
         },
         "name" : "HTTP::Tiny",
         "pathname" : "D/DA/DAGOLDEN/HTTP-Tiny-0.028.tar.gz",
         "provides" : {
            "HTTP::Tiny" : {
               "file" : "HTTP/Tiny.pm",
               "version" : "0.028"
            }
         },
         "target" : "HTTP::Tiny",
         "version" : "0.028"
      },
      "Mojolicious" : {
         "dist" : "Mojolicious-3.89",
         "mymeta" : {
            "abstract" : "Real-time web framework",
            "author" : [
               "Sebastian Riedel <sri@cpan.org>"
            ],
            "dynamic_config" : 0,
            "generated_by" : "ExtUtils::MakeMaker version 6.62, CPAN::Meta::Converter version 2.112150, CPAN::Meta::Converter version 2.120921",
            "license" : [
               "artistic_2"
            ],
            "meta-spec" : {
               "url" : "http://search.cpan.org/perldoc?CPAN::Meta::Spec",
               "version" : "2"
            },
            "name" : "Mojolicious",
            "no_index" : {
               "directory" : [
                  "t",
                  "inc",
                  "t"
               ]
            },
            "prereqs" : {
               "build" : {
                  "requires" : {
                     "ExtUtils::MakeMaker" : "0"
                  }
               },
               "configure" : {
                  "requires" : {
                     "ExtUtils::MakeMaker" : "0"
                  }
               },
               "runtime" : {
                  "requires" : {}
               }
            },
            "release_status" : "stable",
            "resources" : {
               "bugtracker" : {
                  "web" : "http://github.com/kraih/mojo/issues"
               },
               "homepage" : "http://mojolicio.us",
               "license" : [
                  "http://www.opensource.org/licenses/artistic-license-2.0"
               ],
               "repository" : {
                  "url" : "http://github.com/kraih/mojo"
               },
               "x_MailingList" : "http://groups.google.com/group/mojolicious"
            },
            "version" : "3.89"
         },
         "name" : "Mojolicious",
         "pathname" : "A/AM/AMS/Mojolicious-3.89.tar.gz",
         "provides" : {
            "Mojo" : {
               "file" : "Mojo.pm"
            },
            "Mojo::Asset" : {
               "file" : "Mojo/Asset.pm"
            },
            "Mojo::Asset::File" : {
               "file" : "Mojo/Asset/File.pm"
            },
            "Mojo::Asset::Memory" : {
               "file" : "Mojo/Asset/Memory.pm"
            },
            "Mojo::Base" : {
               "file" : "Mojo/Base.pm"
            },
            "Mojo::ByteStream" : {
               "file" : "Mojo/ByteStream.pm"
            },
            "Mojo::Cache" : {
               "file" : "Mojo/Cache.pm"
            },
            "Mojo::Collection" : {
               "file" : "Mojo/Collection.pm"
            },
            "Mojo::Content" : {
               "file" : "Mojo/Content.pm"
            },
            "Mojo::Content::MultiPart" : {
               "file" : "Mojo/Content/MultiPart.pm"
            },
            "Mojo::Content::Single" : {
               "file" : "Mojo/Content/Single.pm"
            },
            "Mojo::Cookie" : {
               "file" : "Mojo/Cookie.pm"
            },
            "Mojo::Cookie::Request" : {
               "file" : "Mojo/Cookie/Request.pm"
            },
            "Mojo::Cookie::Response" : {
               "file" : "Mojo/Cookie/Response.pm"
            },
            "Mojo::DOM" : {
               "file" : "Mojo/DOM.pm"
            },
            "Mojo::DOM::CSS" : {
               "file" : "Mojo/DOM/CSS.pm"
            },
            "Mojo::DOM::HTML" : {
               "file" : "Mojo/DOM/HTML.pm"
            },
            "Mojo::Date" : {
               "file" : "Mojo/Date.pm"
            },
            "Mojo::EventEmitter" : {
               "file" : "Mojo/EventEmitter.pm"
            },
            "Mojo::Exception" : {
               "file" : "Mojo/Exception.pm"
            },
            "Mojo::Headers" : {
               "file" : "Mojo/Headers.pm"
            },
            "Mojo::HelloWorld" : {
               "file" : "Mojo/HelloWorld.pm"
            },
            "Mojo::Home" : {
               "file" : "Mojo/Home.pm"
            },
            "Mojo::IOLoop" : {
               "file" : "Mojo/IOLoop.pm"
            },
            "Mojo::IOLoop::Client" : {
               "file" : "Mojo/IOLoop/Client.pm"
            },
            "Mojo::IOLoop::Delay" : {
               "file" : "Mojo/IOLoop/Delay.pm"
            },
            "Mojo::IOLoop::Server" : {
               "file" : "Mojo/IOLoop/Server.pm"
            },
            "Mojo::IOLoop::Stream" : {
               "file" : "Mojo/IOLoop/Stream.pm"
            },
            "Mojo::JSON" : {
               "file" : "Mojo/JSON.pm"
            },
            "Mojo::JSON::Pointer" : {
               "file" : "Mojo/JSON/Pointer.pm"
            },
            "Mojo::Loader" : {
               "file" : "Mojo/Loader.pm"
            },
            "Mojo::Log" : {
               "file" : "Mojo/Log.pm"
            },
            "Mojo::Message" : {
               "file" : "Mojo/Message.pm"
            },
            "Mojo::Message::Request" : {
               "file" : "Mojo/Message/Request.pm"
            },
            "Mojo::Message::Response" : {
               "file" : "Mojo/Message/Response.pm"
            },
            "Mojo::Parameters" : {
               "file" : "Mojo/Parameters.pm"
            },
            "Mojo::Path" : {
               "file" : "Mojo/Path.pm"
            },
            "Mojo::Reactor" : {
               "file" : "Mojo/Reactor.pm"
            },
            "Mojo::Reactor::EV" : {
               "file" : "Mojo/Reactor/EV.pm"
            },
            "Mojo::Reactor::Poll" : {
               "file" : "Mojo/Reactor/Poll.pm"
            },
            "Mojo::Server" : {
               "file" : "Mojo/Server.pm"
            },
            "Mojo::Server::CGI" : {
               "file" : "Mojo/Server/CGI.pm"
            },
            "Mojo::Server::Daemon" : {
               "file" : "Mojo/Server/Daemon.pm"
            },
            "Mojo::Server::Hypnotoad" : {
               "file" : "Mojo/Server/Hypnotoad.pm"
            },
            "Mojo::Server::Morbo" : {
               "file" : "Mojo/Server/Morbo.pm"
            },
            "Mojo::Server::PSGI" : {
               "file" : "Mojo/Server/PSGI.pm"
            },
            "Mojo::Server::Prefork" : {
               "file" : "Mojo/Server/Prefork.pm"
            },
            "Mojo::Template" : {
               "file" : "Mojo/Template.pm"
            },
            "Mojo::Transaction" : {
               "file" : "Mojo/Transaction.pm"
            },
            "Mojo::Transaction::HTTP" : {
               "file" : "Mojo/Transaction/HTTP.pm"
            },
            "Mojo::Transaction::WebSocket" : {
               "file" : "Mojo/Transaction/WebSocket.pm"
            },
            "Mojo::URL" : {
               "file" : "Mojo/URL.pm"
            },
            "Mojo::Upload" : {
               "file" : "Mojo/Upload.pm"
            },
            "Mojo::UserAgent" : {
               "file" : "Mojo/UserAgent.pm"
            },
            "Mojo::UserAgent::CookieJar" : {
               "file" : "Mojo/UserAgent/CookieJar.pm"
            },
            "Mojo::UserAgent::Transactor" : {
               "file" : "Mojo/UserAgent/Transactor.pm"
            },
            "Mojo::Util" : {
               "file" : "Mojo/Util.pm"
            },
            "Mojolicious" : {
               "file" : "Mojolicious.pm",
               "version" : "3.89"
            },
            "Mojolicious::Command" : {
               "file" : "Mojolicious/Command.pm"
            },
            "Mojolicious::Command::cgi" : {
               "file" : "Mojolicious/Command/cgi.pm"
            },
            "Mojolicious::Command::cpanify" : {
               "file" : "Mojolicious/Command/cpanify.pm"
            },
            "Mojolicious::Command::daemon" : {
               "file" : "Mojolicious/Command/daemon.pm"
            },
            "Mojolicious::Command::eval" : {
               "file" : "Mojolicious/Command/eval.pm"
            },
            "Mojolicious::Command::generate" : {
               "file" : "Mojolicious/Command/generate.pm"
            },
            "Mojolicious::Command::generate::app" : {
               "file" : "Mojolicious/Command/generate/app.pm"
            },
            "Mojolicious::Command::generate::lite_app" : {
               "file" : "Mojolicious/Command/generate/lite_app.pm"
            },
            "Mojolicious::Command::generate::makefile" : {
               "file" : "Mojolicious/Command/generate/makefile.pm"
            },
            "Mojolicious::Command::generate::plugin" : {
               "file" : "Mojolicious/Command/generate/plugin.pm"
            },
            "Mojolicious::Command::get" : {
               "file" : "Mojolicious/Command/get.pm"
            },
            "Mojolicious::Command::inflate" : {
               "file" : "Mojolicious/Command/inflate.pm"
            },
            "Mojolicious::Command::prefork" : {
               "file" : "Mojolicious/Command/prefork.pm"
            },
            "Mojolicious::Command::psgi" : {
               "file" : "Mojolicious/Command/psgi.pm"
            },
            "Mojolicious::Command::routes" : {
               "file" : "Mojolicious/Command/routes.pm"
            },
            "Mojolicious::Command::test" : {
               "file" : "Mojolicious/Command/test.pm"
            },
            "Mojolicious::Command::version" : {
               "file" : "Mojolicious/Command/version.pm"
            },
            "Mojolicious::Commands" : {
               "file" : "Mojolicious/Commands.pm"
            },
            "Mojolicious::Controller" : {
               "file" : "Mojolicious/Controller.pm"
            },
            "Mojolicious::Lite" : {
               "file" : "Mojolicious/Lite.pm"
            },
            "Mojolicious::Plugin" : {
               "file" : "Mojolicious/Plugin.pm"
            },
            "Mojolicious::Plugin::Charset" : {
               "file" : "Mojolicious/Plugin/Charset.pm"
            },
            "Mojolicious::Plugin::Config" : {
               "file" : "Mojolicious/Plugin/Config.pm"
            },
            "Mojolicious::Plugin::DefaultHelpers" : {
               "file" : "Mojolicious/Plugin/DefaultHelpers.pm"
            },
            "Mojolicious::Plugin::EPLRenderer" : {
               "file" : "Mojolicious/Plugin/EPLRenderer.pm"
            },
            "Mojolicious::Plugin::EPRenderer" : {
               "file" : "Mojolicious/Plugin/EPRenderer.pm"
            },
            "Mojolicious::Plugin::HeaderCondition" : {
               "file" : "Mojolicious/Plugin/HeaderCondition.pm"
            },
            "Mojolicious::Plugin::JSONConfig" : {
               "file" : "Mojolicious/Plugin/JSONConfig.pm"
            },
            "Mojolicious::Plugin::Mount" : {
               "file" : "Mojolicious/Plugin/Mount.pm"
            },
            "Mojolicious::Plugin::PODRenderer" : {
               "file" : "Mojolicious/Plugin/PODRenderer.pm"
            },
            "Mojolicious::Plugin::PoweredBy" : {
               "file" : "Mojolicious/Plugin/PoweredBy.pm"
            },
            "Mojolicious::Plugin::RequestTimer" : {
               "file" : "Mojolicious/Plugin/RequestTimer.pm"
            },
            "Mojolicious::Plugin::TagHelpers" : {
               "file" : "Mojolicious/Plugin/TagHelpers.pm"
            },
            "Mojolicious::Plugins" : {
               "file" : "Mojolicious/Plugins.pm"
            },
            "Mojolicious::Renderer" : {
               "file" : "Mojolicious/Renderer.pm"
            },
            "Mojolicious::Routes" : {
               "file" : "Mojolicious/Routes.pm"
            },
            "Mojolicious::Routes::Match" : {
               "file" : "Mojolicious/Routes/Match.pm"
            },
            "Mojolicious::Routes::Pattern" : {
               "file" : "Mojolicious/Routes/Pattern.pm"
            },
            "Mojolicious::Routes::Route" : {
               "file" : "Mojolicious/Routes/Route.pm"
            },
            "Mojolicious::Sessions" : {
               "file" : "Mojolicious/Sessions.pm"
            },
            "Mojolicious::Static" : {
               "file" : "Mojolicious/Static.pm"
            },
            "Mojolicious::Types" : {
               "file" : "Mojolicious/Types.pm"
            },
            "Test::Mojo" : {
               "file" : "Test/Mojo.pm"
            },
            "ojo" : {
               "file" : "ojo.pm"
            }
         },
         "target" : "Mojo::DOM",
         "version" : "3.89"
      },
      "Test::Simple" : {
         "dist" : "Test-Simple-0.98",
         "mymeta" : {
            "abstract" : "Basic utilities for writing tests.",
            "author" : [
               "Michael G Schwern <schwern@pobox.com>"
            ],
            "dynamic_config" : 0,
            "generated_by" : "ExtUtils::MakeMaker version 6.57_06, CPAN::Meta::Converter version 2.120921",
            "license" : [
               "perl_5"
            ],
            "meta-spec" : {
               "url" : "http://search.cpan.org/perldoc?CPAN::Meta::Spec",
               "version" : "2"
            },
            "name" : "Test-Simple",
            "no_index" : {
               "directory" : [
                  "t",
                  "inc"
               ]
            },
            "prereqs" : {
               "build" : {
                  "requires" : {
                     "ExtUtils::MakeMaker" : "0"
                  }
               },
               "configure" : {
                  "requires" : {
                     "ExtUtils::MakeMaker" : "0"
                  }
               },
               "runtime" : {
                  "requires" : {
                     "Test::Harness" : "2.03",
                     "perl" : "5.006"
                  }
               }
            },
            "release_status" : "stable",
            "resources" : {
               "bugtracker" : {
                  "web" : "http://github.com/schwern/test-more/issues"
               },
               "homepage" : "http://test-more.googlecode.com",
               "license" : [
                  "http://dev.perl.org/licenses/"
               ],
               "repository" : {
                  "url" : "http://github.com/schwern/test-more/tree/master"
               },
               "x_MailingList" : "http://groups.google.com/group/test-more-users"
            },
            "version" : "0.98"
         },
         "name" : "Test::Simple",
         "pathname" : "M/MS/MSCHWERN/Test-Simple-0.98.tar.gz",
         "provides" : {
            "Test::Builder" : {
               "file" : "Test/Builder.pm",
               "version" : "0.98"
            },
            "Test::Builder::IO::Scalar" : {
               "file" : "Test/Builder/IO/Scalar.pm",
               "version" : "2.110"
            },
            "Test::Builder::Module" : {
               "file" : "Test/Builder/Module.pm",
               "version" : "0.98"
            },
            "Test::Builder::Tester" : {
               "file" : "Test/Builder/Tester.pm",
               "version" : "1.22"
            },
            "Test::Builder::Tester::Color" : {
               "file" : "Test/Builder/Tester/Color.pm",
               "version" : "1.22"
            },
            "Test::Builder::Tester::Tie" : {
               "file" : "Test/Builder/Tester.pm"
            },
            "Test::More" : {
               "file" : "Test/More.pm",
               "version" : "0.98"
            },
            "Test::Simple" : {
               "file" : "Test/Simple.pm",
               "version" : "0.98"
            }
         },
         "target" : "Test::More",
         "version" : "0.98"
      }
   },
   "version" : "0.9"
}
